
Microsoft Visual Studio Solution File, Format Version 12.00
# Visual Studio Version 17
VisualStudioVersion = 17.14.36408.4 d17.14
MinimumVisualStudioVersion = 10.0.40219.1
Project("{FAE04EC0-301F-11D3-BF4B-00C04F79EFBC}") = "LIS.API", "LIS.API\LIS.API.csproj", "{AB31F4FC-07F4-4960-8889-3521CC19DCBE}"
EndProject
Global
	GlobalSection(SolutionConfigurationPlatforms) = preSolution
		Debug|Any CPU = Debug|Any CPU
		Release|Any CPU = Release|Any CPU
	EndGlobalSection
	GlobalSection(ProjectConfigurationPlatforms) = postSolution
		{AB31F4FC-07F4-4960-8889-3521CC19DCBE}.Debug|Any CPU.ActiveCfg = Debug|Any CPU
		{AB31F4FC-07F4-4960-8889-3521CC19DCBE}.Debug|Any CPU.Build.0 = Debug|Any CPU
		{AB31F4FC-07F4-4960-8889-3521CC19DCBE}.Release|Any CPU.ActiveCfg = Release|Any CPU
		{AB31F4FC-07F4-4960-8889-3521CC19DCBE}.Release|Any CPU.Build.0 = Release|Any CPU
	EndGlobalSection
	GlobalSection(SolutionProperties) = preSolution
		HideSolutionNode = FALSE
	EndGlobalSection
	GlobalSection(ExtensibilityGlobals) = postSolution
		SolutionGuid = {E1302062-620D-4AC7-97DE-B01AABBB0DD8}
	EndGlobalSection
EndGlobal
